
Microsoft Visual Studio Solution File, Format Version 12.00
# Visual Studio Version 17
VisualStudioVersion = 17.8.34330.188
MinimumVisualStudioVersion = 10.0.40219.1
Project("{2150E333-8FDC-42A3-9474-1A3956D46DE8}") = "Presentation Layer", "Presentation Layer", "{5ABDF207-BA3D-4E6D-8791-693134933A49}"
EndProject
Project("{9A19103F-16F7-4668-BE54-9A1E7A4F7556}") = "Crm.Presenters", "Crm.Presenters\Crm.Presenters.csproj", "{93BB9973-6A0D-4C84-8B25-196BB64EC1A7}"
EndProject
Project("{9A19103F-16F7-4668-BE54-9A1E7A4F7556}") = "Crm.Presenters.Contracts", "Crm.Presenters.Contracts\Crm.Presenters.Contracts.csproj", "{3EB0F88C-99F0-4CCD-84A4-AB0ACCA686C4}"
EndProject
Project("{9A19103F-16F7-4668-BE54-9A1E7A4F7556}") = "Crm.Views.Contracts", "Crm.Views.Contracts\Crm.Views.Contracts.csproj", "{6E679A3E-F667-41C5-8A7B-5B8C2E0B45DE}"
EndProject
Project("{2150E333-8FDC-42A3-9474-1A3956D46DE8}") = "Infrastructure Layer", "Infrastructure Layer", "{AB690B10-002E-4A90-86D2-EF2513B50137}"
EndProject
Project("{9A19103F-16F7-4668-BE54-9A1E7A4F7556}") = "Crm.Bootstrapper", "Crm.Bootstrapper\Crm.Bootstrapper.csproj", "{FBDEF892-A1E3-4D49-8C8A-1504009359FE}"
EndProject
Project("{9A19103F-16F7-4668-BE54-9A1E7A4F7556}") = "Crm.Dependencies", "Crm.Dependencies\Crm.Dependencies.csproj", "{9F14AEBD-2205-4136-9C73-3272C93EF1B1}"
EndProject
Project("{9A19103F-16F7-4668-BE54-9A1E7A4F7556}") = "Crm.Dependencies.Builder", "Crm.Dependencies.Builder\Crm.Dependencies.Builder.csproj", "{1271A022-4575-448E-BDA4-B686693C28EE}"
EndProject
Project("{9A19103F-16F7-4668-BE54-9A1E7A4F7556}") = "Crm.Dependencies.Contracts", "Crm.Dependencies.Contracts\Crm.Dependencies.Contracts.csproj", "{6DF06F74-3B21-4F44-880C-958DFA30CBAB}"
EndProject
Project("{2150E333-8FDC-42A3-9474-1A3956D46DE8}") = "Domain Layer", "Domain Layer", "{1DEBDA84-625E-4CDE-90BF-60C087AEAE39}"
EndProject
Project("{9A19103F-16F7-4668-BE54-9A1E7A4F7556}") = "Crm.Models.Contracts", "Crm.Models.Contracts\Crm.Models.Contracts.csproj", "{4B09D8AD-8630-45E2-BBEC-C8FFDE7C9080}"
EndProject
Project("{9A19103F-16F7-4668-BE54-9A1E7A4F7556}") = "Crm.Models", "Crm.Models\Crm.Models.csproj", "{F00CD938-5B67-4878-B397-40C2D293B5B2}"
EndProject
Project("{2150E333-8FDC-42A3-9474-1A3956D46DE8}") = "DataAccess Layer", "DataAccess Layer", "{D608EAEF-DFE2-46E2-8DB1-3B0DAD66CF47}"
EndProject
Project("{9A19103F-16F7-4668-BE54-9A1E7A4F7556}") = "Crm.Db", "Crm.Db\Crm.Db.csproj", "{8F33C668-5A0E-4989-A016-957A53E81D6C}"
EndProject
Project("{9A19103F-16F7-4668-BE54-9A1E7A4F7556}") = "Crm.Repository.Contracts", "Crm.Repository.Contracts\Crm.Repository.Contracts.csproj", "{620FEDF5-13A3-4BB0-9927-7C35415F6A85}"
EndProject
Project("{9A19103F-16F7-4668-BE54-9A1E7A4F7556}") = "Crm.Repository", "Crm.Repository\Crm.Repository.csproj", "{B4D40F96-6BE8-444E-A4F4-E5142EFA6263}"
EndProject
Project("{9A19103F-16F7-4668-BE54-9A1E7A4F7556}") = "Crm.Common", "Crm.Common\Crm.Common.csproj", "{041E1776-F78E-463C-ABB9-96C7333DF969}"
EndProject
Project("{2150E333-8FDC-42A3-9474-1A3956D46DE8}") = "Common", "Common", "{08CFF0C7-BD66-4383-9340-1D0F218DC368}"
EndProject
Project("{9A19103F-16F7-4668-BE54-9A1E7A4F7556}") = "Crm.Common.Contracts", "Crm.Common.Contracts\Crm.Common.Contracts.csproj", "{CB8ADD87-7B0B-4D2B-AF89-9B46DDC9FD41}"
EndProject
Project("{9A19103F-16F7-4668-BE54-9A1E7A4F7556}") = "Crm.Common.Shared", "Crm.Common.Shared\Crm.Common.Shared.csproj", "{2E6CA2E5-9940-49DA-AD5A-7725C4F53CDE}"
EndProject
Project("{9A19103F-16F7-4668-BE54-9A1E7A4F7556}") = "Crm.Common.Utility", "Crm.Common.Utility\Crm.Common.Utility.csproj", "{BF12805D-4FDB-42CE-AF51-1BEEE013AE69}"
EndProject
Project("{2150E333-8FDC-42A3-9474-1A3956D46DE8}") = "Business Layer", "Business Layer", "{5D799253-3DFE-41BA-894F-A2CA601DFC9C}"
EndProject
Project("{9A19103F-16F7-4668-BE54-9A1E7A4F7556}") = "Crm.Services", "Crm.Services\Crm.Services.csproj", "{C31D3653-1FE7-46CF-9623-A67319863F88}"
EndProject
Project("{9A19103F-16F7-4668-BE54-9A1E7A4F7556}") = "Crm.Services.Contracts", "Crm.Services.Contracts\Crm.Services.Contracts.csproj", "{82396561-F950-4A70-81A3-DDE22B0E0E5A}"
EndProject
Project("{9A19103F-16F7-4668-BE54-9A1E7A4F7556}") = "Crm.Common.NotificationBase", "Crm.Common.NotificationBase\Crm.Common.NotificationBase.csproj", "{51A6A9E6-0EAB-4779-BA39-39D996796D7D}"
EndProject
Project("{9A19103F-16F7-4668-BE54-9A1E7A4F7556}") = "Crm.Views", "Crm.Views\Crm.Views.csproj", "{EB39D8BF-0732-40B5-87D3-E637B49E784B}"
EndProject
Project("{FAE04EC0-301F-11D3-BF4B-00C04F79EFBC}") = "Crm.Starter", "Crm.Starter\Crm.Starter.csproj", "{CCCDD89B-3594-4308-8C84-9A3E61403448}"
EndProject
Global
	GlobalSection(SolutionConfigurationPlatforms) = preSolution
		Debug|Any CPU = Debug|Any CPU
		Release|Any CPU = Release|Any CPU
	EndGlobalSection
	GlobalSection(ProjectConfigurationPlatforms) = postSolution
		{93BB9973-6A0D-4C84-8B25-196BB64EC1A7}.Debug|Any CPU.ActiveCfg = Debug|Any CPU
		{93BB9973-6A0D-4C84-8B25-196BB64EC1A7}.Debug|Any CPU.Build.0 = Debug|Any CPU
		{93BB9973-6A0D-4C84-8B25-196BB64EC1A7}.Release|Any CPU.ActiveCfg = Release|Any CPU
		{93BB9973-6A0D-4C84-8B25-196BB64EC1A7}.Release|Any CPU.Build.0 = Release|Any CPU
		{3EB0F88C-99F0-4CCD-84A4-AB0ACCA686C4}.Debug|Any CPU.ActiveCfg = Debug|Any CPU
		{3EB0F88C-99F0-4CCD-84A4-AB0ACCA686C4}.Debug|Any CPU.Build.0 = Debug|Any CPU
		{3EB0F88C-99F0-4CCD-84A4-AB0ACCA686C4}.Release|Any CPU.ActiveCfg = Release|Any CPU
		{3EB0F88C-99F0-4CCD-84A4-AB0ACCA686C4}.Release|Any CPU.Build.0 = Release|Any CPU
		{6E679A3E-F667-41C5-8A7B-5B8C2E0B45DE}.Debug|Any CPU.ActiveCfg = Debug|Any CPU
		{6E679A3E-F667-41C5-8A7B-5B8C2E0B45DE}.Debug|Any CPU.Build.0 = Debug|Any CPU
		{6E679A3E-F667-41C5-8A7B-5B8C2E0B45DE}.Release|Any CPU.ActiveCfg = Release|Any CPU
		{6E679A3E-F667-41C5-8A7B-5B8C2E0B45DE}.Release|Any CPU.Build.0 = Release|Any CPU
		{FBDEF892-A1E3-4D49-8C8A-1504009359FE}.Debug|Any CPU.ActiveCfg = Debug|Any CPU
		{FBDEF892-A1E3-4D49-8C8A-1504009359FE}.Debug|Any CPU.Build.0 = Debug|Any CPU
		{FBDEF892-A1E3-4D49-8C8A-1504009359FE}.Release|Any CPU.ActiveCfg = Release|Any CPU
		{FBDEF892-A1E3-4D49-8C8A-1504009359FE}.Release|Any CPU.Build.0 = Release|Any CPU
		{9F14AEBD-2205-4136-9C73-3272C93EF1B1}.Debug|Any CPU.ActiveCfg = Debug|Any CPU
		{9F14AEBD-2205-4136-9C73-3272C93EF1B1}.Debug|Any CPU.Build.0 = Debug|Any CPU
		{9F14AEBD-2205-4136-9C73-3272C93EF1B1}.Release|Any CPU.ActiveCfg = Release|Any CPU
		{9F14AEBD-2205-4136-9C73-3272C93EF1B1}.Release|Any CPU.Build.0 = Release|Any CPU
		{1271A022-4575-448E-BDA4-B686693C28EE}.Debug|Any CPU.ActiveCfg = Debug|Any CPU
		{1271A022-4575-448E-BDA4-B686693C28EE}.Debug|Any CPU.Build.0 = Debug|Any CPU
		{1271A022-4575-448E-BDA4-B686693C28EE}.Release|Any CPU.ActiveCfg = Release|Any CPU
		{1271A022-4575-448E-BDA4-B686693C28EE}.Release|Any CPU.Build.0 = Release|Any CPU
		{6DF06F74-3B21-4F44-880C-958DFA30CBAB}.Debug|Any CPU.ActiveCfg = Debug|Any CPU
		{6DF06F74-3B21-4F44-880C-958DFA30CBAB}.Debug|Any CPU.Build.0 = Debug|Any CPU
		{6DF06F74-3B21-4F44-880C-958DFA30CBAB}.Release|Any CPU.ActiveCfg = Release|Any CPU
		{6DF06F74-3B21-4F44-880C-958DFA30CBAB}.Release|Any CPU.Build.0 = Release|Any CPU
		{4B09D8AD-8630-45E2-BBEC-C8FFDE7C9080}.Debug|Any CPU.ActiveCfg = Debug|Any CPU
		{4B09D8AD-8630-45E2-BBEC-C8FFDE7C9080}.Debug|Any CPU.Build.0 = Debug|Any CPU
		{4B09D8AD-8630-45E2-BBEC-C8FFDE7C9080}.Release|Any CPU.ActiveCfg = Release|Any CPU
		{4B09D8AD-8630-45E2-BBEC-C8FFDE7C9080}.Release|Any CPU.Build.0 = Release|Any CPU
		{F00CD938-5B67-4878-B397-40C2D293B5B2}.Debug|Any CPU.ActiveCfg = Debug|Any CPU
		{F00CD938-5B67-4878-B397-40C2D293B5B2}.Debug|Any CPU.Build.0 = Debug|Any CPU
		{F00CD938-5B67-4878-B397-40C2D293B5B2}.Release|Any CPU.ActiveCfg = Release|Any CPU
		{F00CD938-5B67-4878-B397-40C2D293B5B2}.Release|Any CPU.Build.0 = Release|Any CPU
		{8F33C668-5A0E-4989-A016-957A53E81D6C}.Debug|Any CPU.ActiveCfg = Debug|Any CPU
		{8F33C668-5A0E-4989-A016-957A53E81D6C}.Debug|Any CPU.Build.0 = Debug|Any CPU
		{8F33C668-5A0E-4989-A016-957A53E81D6C}.Release|Any CPU.ActiveCfg = Release|Any CPU
		{8F33C668-5A0E-4989-A016-957A53E81D6C}.Release|Any CPU.Build.0 = Release|Any CPU
		{620FEDF5-13A3-4BB0-9927-7C35415F6A85}.Debug|Any CPU.ActiveCfg = Debug|Any CPU
		{620FEDF5-13A3-4BB0-9927-7C35415F6A85}.Debug|Any CPU.Build.0 = Debug|Any CPU
		{620FEDF5-13A3-4BB0-9927-7C35415F6A85}.Release|Any CPU.ActiveCfg = Release|Any CPU
		{620FEDF5-13A3-4BB0-9927-7C35415F6A85}.Release|Any CPU.Build.0 = Release|Any CPU
		{B4D40F96-6BE8-444E-A4F4-E5142EFA6263}.Debug|Any CPU.ActiveCfg = Debug|Any CPU
		{B4D40F96-6BE8-444E-A4F4-E5142EFA6263}.Debug|Any CPU.Build.0 = Debug|Any CPU
		{B4D40F96-6BE8-444E-A4F4-E5142EFA6263}.Release|Any CPU.ActiveCfg = Release|Any CPU
		{B4D40F96-6BE8-444E-A4F4-E5142EFA6263}.Release|Any CPU.Build.0 = Release|Any CPU
		{041E1776-F78E-463C-ABB9-96C7333DF969}.Debug|Any CPU.ActiveCfg = Debug|Any CPU
		{041E1776-F78E-463C-ABB9-96C7333DF969}.Debug|Any CPU.Build.0 = Debug|Any CPU
		{041E1776-F78E-463C-ABB9-96C7333DF969}.Release|Any CPU.ActiveCfg = Release|Any CPU
		{041E1776-F78E-463C-ABB9-96C7333DF969}.Release|Any CPU.Build.0 = Release|Any CPU
		{CB8ADD87-7B0B-4D2B-AF89-9B46DDC9FD41}.Debug|Any CPU.ActiveCfg = Debug|Any CPU
		{CB8ADD87-7B0B-4D2B-AF89-9B46DDC9FD41}.Debug|Any CPU.Build.0 = Debug|Any CPU
		{CB8ADD87-7B0B-4D2B-AF89-9B46DDC9FD41}.Release|Any CPU.ActiveCfg = Release|Any CPU
		{CB8ADD87-7B0B-4D2B-AF89-9B46DDC9FD41}.Release|Any CPU.Build.0 = Release|Any CPU
		{2E6CA2E5-9940-49DA-AD5A-7725C4F53CDE}.Debug|Any CPU.ActiveCfg = Debug|Any CPU
		{2E6CA2E5-9940-49DA-AD5A-7725C4F53CDE}.Debug|Any CPU.Build.0 = Debug|Any CPU
		{2E6CA2E5-9940-49DA-AD5A-7725C4F53CDE}.Release|Any CPU.ActiveCfg = Release|Any CPU
		{2E6CA2E5-9940-49DA-AD5A-7725C4F53CDE}.Release|Any CPU.Build.0 = Release|Any CPU
		{BF12805D-4FDB-42CE-AF51-1BEEE013AE69}.Debug|Any CPU.ActiveCfg = Debug|Any CPU
		{BF12805D-4FDB-42CE-AF51-1BEEE013AE69}.Debug|Any CPU.Build.0 = Debug|Any CPU
		{BF12805D-4FDB-42CE-AF51-1BEEE013AE69}.Release|Any CPU.ActiveCfg = Release|Any CPU
		{BF12805D-4FDB-42CE-AF51-1BEEE013AE69}.Release|Any CPU.Build.0 = Release|Any CPU
		{C31D3653-1FE7-46CF-9623-A67319863F88}.Debug|Any CPU.ActiveCfg = Debug|Any CPU
		{C31D3653-1FE7-46CF-9623-A67319863F88}.Debug|Any CPU.Build.0 = Debug|Any CPU
		{C31D3653-1FE7-46CF-9623-A67319863F88}.Release|Any CPU.ActiveCfg = Release|Any CPU
		{C31D3653-1FE7-46CF-9623-A67319863F88}.Release|Any CPU.Build.0 = Release|Any CPU
		{82396561-F950-4A70-81A3-DDE22B0E0E5A}.Debug|Any CPU.ActiveCfg = Debug|Any CPU
		{82396561-F950-4A70-81A3-DDE22B0E0E5A}.Debug|Any CPU.Build.0 = Debug|Any CPU
		{82396561-F950-4A70-81A3-DDE22B0E0E5A}.Release|Any CPU.ActiveCfg = Release|Any CPU
		{82396561-F950-4A70-81A3-DDE22B0E0E5A}.Release|Any CPU.Build.0 = Release|Any CPU
		{51A6A9E6-0EAB-4779-BA39-39D996796D7D}.Debug|Any CPU.ActiveCfg = Debug|Any CPU
		{51A6A9E6-0EAB-4779-BA39-39D996796D7D}.Debug|Any CPU.Build.0 = Debug|Any CPU
		{51A6A9E6-0EAB-4779-BA39-39D996796D7D}.Release|Any CPU.ActiveCfg = Release|Any CPU
		{51A6A9E6-0EAB-4779-BA39-39D996796D7D}.Release|Any CPU.Build.0 = Release|Any CPU
		{EB39D8BF-0732-40B5-87D3-E637B49E784B}.Debug|Any CPU.ActiveCfg = Debug|Any CPU
		{EB39D8BF-0732-40B5-87D3-E637B49E784B}.Debug|Any CPU.Build.0 = Debug|Any CPU
		{EB39D8BF-0732-40B5-87D3-E637B49E784B}.Release|Any CPU.ActiveCfg = Release|Any CPU
		{EB39D8BF-0732-40B5-87D3-E637B49E784B}.Release|Any CPU.Build.0 = Release|Any CPU
		{CCCDD89B-3594-4308-8C84-9A3E61403448}.Debug|Any CPU.ActiveCfg = Debug|Any CPU
		{CCCDD89B-3594-4308-8C84-9A3E61403448}.Debug|Any CPU.Build.0 = Debug|Any CPU
		{CCCDD89B-3594-4308-8C84-9A3E61403448}.Release|Any CPU.ActiveCfg = Release|Any CPU
		{CCCDD89B-3594-4308-8C84-9A3E61403448}.Release|Any CPU.Build.0 = Release|Any CPU
	EndGlobalSection
	GlobalSection(SolutionProperties) = preSolution
		HideSolutionNode = FALSE
	EndGlobalSection
	GlobalSection(NestedProjects) = preSolution
		{93BB9973-6A0D-4C84-8B25-196BB64EC1A7} = {5ABDF207-BA3D-4E6D-8791-693134933A49}
		{3EB0F88C-99F0-4CCD-84A4-AB0ACCA686C4} = {5ABDF207-BA3D-4E6D-8791-693134933A49}
		{6E679A3E-F667-41C5-8A7B-5B8C2E0B45DE} = {5ABDF207-BA3D-4E6D-8791-693134933A49}
		{FBDEF892-A1E3-4D49-8C8A-1504009359FE} = {AB690B10-002E-4A90-86D2-EF2513B50137}
		{9F14AEBD-2205-4136-9C73-3272C93EF1B1} = {AB690B10-002E-4A90-86D2-EF2513B50137}
		{1271A022-4575-448E-BDA4-B686693C28EE} = {AB690B10-002E-4A90-86D2-EF2513B50137}
		{6DF06F74-3B21-4F44-880C-958DFA30CBAB} = {AB690B10-002E-4A90-86D2-EF2513B50137}
		{4B09D8AD-8630-45E2-BBEC-C8FFDE7C9080} = {1DEBDA84-625E-4CDE-90BF-60C087AEAE39}
		{F00CD938-5B67-4878-B397-40C2D293B5B2} = {1DEBDA84-625E-4CDE-90BF-60C087AEAE39}
		{8F33C668-5A0E-4989-A016-957A53E81D6C} = {D608EAEF-DFE2-46E2-8DB1-3B0DAD66CF47}
		{620FEDF5-13A3-4BB0-9927-7C35415F6A85} = {D608EAEF-DFE2-46E2-8DB1-3B0DAD66CF47}
		{B4D40F96-6BE8-444E-A4F4-E5142EFA6263} = {D608EAEF-DFE2-46E2-8DB1-3B0DAD66CF47}
		{041E1776-F78E-463C-ABB9-96C7333DF969} = {08CFF0C7-BD66-4383-9340-1D0F218DC368}
		{CB8ADD87-7B0B-4D2B-AF89-9B46DDC9FD41} = {08CFF0C7-BD66-4383-9340-1D0F218DC368}
		{2E6CA2E5-9940-49DA-AD5A-7725C4F53CDE} = {08CFF0C7-BD66-4383-9340-1D0F218DC368}
		{BF12805D-4FDB-42CE-AF51-1BEEE013AE69} = {08CFF0C7-BD66-4383-9340-1D0F218DC368}
		{C31D3653-1FE7-46CF-9623-A67319863F88} = {5D799253-3DFE-41BA-894F-A2CA601DFC9C}
		{82396561-F950-4A70-81A3-DDE22B0E0E5A} = {5D799253-3DFE-41BA-894F-A2CA601DFC9C}
		{51A6A9E6-0EAB-4779-BA39-39D996796D7D} = {08CFF0C7-BD66-4383-9340-1D0F218DC368}
		{EB39D8BF-0732-40B5-87D3-E637B49E784B} = {5ABDF207-BA3D-4E6D-8791-693134933A49}
	EndGlobalSection
	GlobalSection(ExtensibilityGlobals) = postSolution
		SolutionGuid = {8F3C017E-C5E2-42FD-B7FC-496F9394DB7E}
	EndGlobalSection
EndGlobal
